{
  "object": {
    "pins": [
      {
        "package": "CalendarKit",
        "repositoryURL": "https://github.com/richardtop/CalendarKit",
        "state": {
          "branch": "master",
          "revision": "758805f324fb8ee174f38fa902981fda608fc96b",
          "version": null
        }
      },
      {
        "package": "DateToolsSwift",
        "repositoryURL": "https://github.com/maniramezan/DateTools.git",
        "state": {
          "branch": "mani_swiftpm_5_3",
          "revision": "b7f0415ecb9a2b684fc53a2e4093fc09d368356a",
          "version": null
        }
      }
    ]
  },
  "version": 1
}
